// !$*UTF8*$!
{
	archiveVersion = 1;
	classes = {
	};
	objectVersion = 56;
	objects = {

/* Begin PBXBuildFile section */
		3A1E503D2C6E8607008C1263 /* Kingfisher in Frameworks */ = {isa = PBXBuildFile; productRef = 3A1E503C2C6E8607008C1263 /* Kingfisher */; };
		3A9C20D82B9F955600835D16 /* Overwatch3App.swift in Sources */ = {isa = PBXBuildFile; fileRef = 3A9C20D72B9F955600835D16 /* Overwatch3App.swift */; };
		3A9C20DA2B9F955600835D16 /* ContentView.swift in Sources */ = {isa = PBXBuildFile; fileRef = 3A9C20D92B9F955600835D16 /* ContentView.swift */; };
		3A9C20DC2B9F955800835D16 /* Assets.xcassets in Resources */ = {isa = PBXBuildFile; fileRef = 3A9C20DB2B9F955800835D16 /* Assets.xcassets */; };
		3A9C20DF2B9F955800835D16 /* Preview Assets.xcassets in Resources */ = {isa = PBXBuildFile; fileRef = 3A9C20DE2B9F955800835D16 /* Preview Assets.xcassets */; };
		3A9C20E62B9F956F00835D16 /* DataService.swift in Sources */ = {isa = PBXBuildFile; fileRef = 3A9C20E52B9F956F00835D16 /* DataService.swift */; };
		3A9C20E82B9F957800835D16 /* ViewModel.swift in Sources */ = {isa = PBXBuildFile; fileRef = 3A9C20E72B9F957800835D16 /* ViewModel.swift */; };
		3A9C20EC2B9F95AC00835D16 /* Model.swift in Sources */ = {isa = PBXBuildFile; fileRef = 3A9C20EB2B9F95AC00835D16 /* Model.swift */; };
		3A9C20EF2BA0C0CE00835D16 /* HeroDetailView.swift in Sources */ = {isa = PBXBuildFile; fileRef = 3A9C20EE2BA0C0CE00835D16 /* HeroDetailView.swift */; };
		3A9C20F12BA0DDA300835D16 /* DetailViewModel.swift in Sources */ = {isa = PBXBuildFile; fileRef = 3A9C20F02BA0DDA300835D16 /* DetailViewModel.swift */; };
/* End PBXBuildFile section */

/* Begin PBXFileReference section */
		3A9C20D42B9F955600835D16 /* Overwatch3.app */ = {isa = PBXFileReference; explicitFileType = wrapper.application; includeInIndex = 0; path = Overwatch3.app; sourceTree = BUILT_PRODUCTS_DIR; };
		3A9C20D72B9F955600835D16 /* Overwatch3App.swift */ = {isa = PBXFileReference; lastKnownFileType = sourcecode.swift; path = Overwatch3App.swift; sourceTree = "<group>"; };
		3A9C20D92B9F955600835D16 /* ContentView.swift */ = {isa = PBXFileReference; lastKnownFileType = sourcecode.swift; path = ContentView.swift; sourceTree = "<group>"; };
		3A9C20DB2B9F955800835D16 /* Assets.xcassets */ = {isa = PBXFileReference; lastKnownFileType = folder.assetcatalog; path = Assets.xcassets; sourceTree = "<group>"; };
		3A9C20DE2B9F955800835D16 /* Preview Assets.xcassets */ = {isa = PBXFileReference; lastKnownFileType = folder.assetcatalog; path = "Preview Assets.xcassets"; sourceTree = "<group>"; };
		3A9C20E52B9F956F00835D16 /* DataService.swift */ = {isa = PBXFileReference; lastKnownFileType = sourcecode.swift; path = DataService.swift; sourceTree = "<group>"; };
		3A9C20E72B9F957800835D16 /* ViewModel.swift */ = {isa = PBXFileReference; lastKnownFileType = sourcecode.swift; path = ViewModel.swift; sourceTree = "<group>"; };
		3A9C20EB2B9F95AC00835D16 /* Model.swift */ = {isa = PBXFileReference; lastKnownFileType = sourcecode.swift; path = Model.swift; sourceTree = "<group>"; };
		3A9C20EE2BA0C0CE00835D16 /* HeroDetailView.swift */ = {isa = PBXFileReference; lastKnownFileType = sourcecode.swift; path = HeroDetailView.swift; sourceTree = "<group>"; };
		3A9C20F02BA0DDA300835D16 /* DetailViewModel.swift */ = {isa = PBXFileReference; lastKnownFileType = sourcecode.swift; path = DetailViewModel.swift; sourceTree = "<group>"; };
/* End PBXFileReference section */

/* Begin PBXFrameworksBuildPhase section */
		3A9C20D12B9F955600835D16 /* Frameworks */ = {
			isa = PBXFrameworksBuildPhase;
			buildActionMask = 2147483647;
			files = (
				3A1E503D2C6E8607008C1263 /* Kingfisher in Frameworks */,
			);
			runOnlyForDeploymentPostprocessing = 0;
		};
/* End PBXFrameworksBuildPhase section */

/* Begin PBXGroup section */
		3A9C20CB2B9F955600835D16 = {
			isa = PBXGroup;
			children = (
				3A9C20D62B9F955600835D16 /* Overwatch3 */,
				3A9C20D52B9F955600835D16 /* Products */,
			);
			sourceTree = "<group>";
		};
		3A9C20D52B9F955600835D16 /* Products */ = {
			isa = PBXGroup;
			children = (
				3A9C20D42B9F955600835D16 /* Overwatch3.app */,
			);
			name = Products;
			sourceTree = "<group>";
		};
		3A9C20D62B9F955600835D16 /* Overwatch3 */ = {
			isa = PBXGroup;
			children = (
				3A9C20D72B9F955600835D16 /* Overwatch3App.swift */,
				3A9C20ED2BA0C0C100835D16 /* View */,
				3A9C20EA2B9F95A600835D16 /* Model */,
				3A9C20E92B9F957C00835D16 /* ViewModel */,
				3A9C20DB2B9F955800835D16 /* Assets.xcassets */,
				3A9C20DD2B9F955800835D16 /* Preview Content */,
			);
			path = Overwatch3;
			sourceTree = "<group>";
		};
		3A9C20DD2B9F955800835D16 /* Preview Content */ = {
			isa = PBXGroup;
			children = (
				3A9C20DE2B9F955800835D16 /* Preview Assets.xcassets */,
			);
			path = "Preview Content";
			sourceTree = "<group>";
		};
		3A9C20E92B9F957C00835D16 /* ViewModel */ = {
			isa = PBXGroup;
			children = (
				3A9C20E52B9F956F00835D16 /* DataService.swift */,
				3A9C20E72B9F957800835D16 /* ViewModel.swift */,
				3A9C20F02BA0DDA300835D16 /* DetailViewModel.swift */,
			);
			path = ViewModel;
			sourceTree = "<group>";
		};
		3A9C20EA2B9F95A600835D16 /* Model */ = {
			isa = PBXGroup;
			children = (
				3A9C20EB2B9F95AC00835D16 /* Model.swift */,
			);
			path = Model;
			sourceTree = "<group>";
		};
		3A9C20ED2BA0C0C100835D16 /* View */ = {
			isa = PBXGroup;
			children = (
				3A9C20D92B9F955600835D16 /* ContentView.swift */,
				3A9C20EE2BA0C0CE00835D16 /* HeroDetailView.swift */,
			);
			path = View;
			sourceTree = "<group>";
		};
/* End PBXGroup section */

/* Begin PBXNativeTarget section */
		3A9C20D32B9F955600835D16 /* Overwatch3 */ = {
			isa = PBXNativeTarget;
			buildConfigurationList = 3A9C20E22B9F955800835D16 /* Build configuration list for PBXNativeTarget "Overwatch3" */;
			buildPhases = (
				3A9C20D02B9F955600835D16 /* Sources */,
				3A9C20D12B9F955600835D16 /* Frameworks */,
				3A9C20D22B9F955600835D16 /* Resources */,
			);
			buildRules = (
			);
			dependencies = (
			);
			name = Overwatch3;
			packageProductDependencies = (
				3A1E503C2C6E8607008C1263 /* Kingfisher */,
			);
			productName = Overwatch3;
			productReference = 3A9C20D42B9F955600835D16 /* Overwatch3.app */;
			productType = "com.apple.product-type.application";
		};
/* End PBXNativeTarget section */

/* Begin PBXProject section */
		3A9C20CC2B9F955600835D16 /* Project object */ = {
			isa = PBXProject;
			attributes = {
				BuildIndependentTargetsInParallel = 1;
				LastSwiftUpdateCheck = 1500;
				LastUpgradeCheck = 1500;
				TargetAttributes = {
					3A9C20D32B9F955600835D16 = {
						CreatedOnToolsVersion = 15.0.1;
					};
				};
			};
			buildConfigurationList = 3A9C20CF2B9F955600835D16 /* Build configuration list for PBXProject "Overwatch3" */;
			compatibilityVersion = "Xcode 14.0";
			developmentRegion = en;
			hasScannedForEncodings = 0;
			knownRegions = (
				en,
				Base,
			);
			mainGroup = 3A9C20CB2B9F955600835D16;
			packageReferences = (
				3A1E503B2C6E8607008C1263 /* XCRemoteSwiftPackageReference "Kingfisher" */,
			);
			productRefGroup = 3A9C20D52B9F955600835D16 /* Products */;
			projectDirPath = "";
			projectRoot = "";
			targets = (
				3A9C20D32B9F955600835D16 /* Overwatch3 */,
			);
		};
/* End PBXProject section */

/* Begin PBXResourcesBuildPhase section */
		3A9C20D22B9F955600835D16 /* Resources */ = {
			isa = PBXResourcesBuildPhase;
			buildActionMask = 2147483647;
			files = (
				3A9C20DF2B9F955800835D16 /* Preview Assets.xcassets in Resources */,
				3A9C20DC2B9F955800835D16 /* Assets.xcassets in Resources */,
			);
			runOnlyForDeploymentPostprocessing = 0;
		};
/* End PBXResourcesBuildPhase section */

/* Begin PBXSourcesBuildPhase section */
		3A9C20D02B9F955600835D16 /* Sources */ = {
			isa = PBXSourcesBuildPhase;
			buildActionMask = 2147483647;
			files = (
				3A9C20EC2B9F95AC00835D16 /* Model.swift in Sources */,
				3A9C20E62B9F956F00835D16 /* DataService.swift in Sources */,
				3A9C20F12BA0DDA300835D16 /* DetailViewModel.swift in Sources */,
				3A9C20DA2B9F955600835D16 /* ContentView.swift in Sources */,
				3A9C20E82B9F957800835D16 /* ViewModel.swift in Sources */,
				3A9C20D82B9F955600835D16 /* Overwatch3App.swift in Sources */,
				3A9C20EF2BA0C0CE00835D16 /* HeroDetailView.swift in Sources */,
			);
			runOnlyForDeploymentPostprocessing = 0;
		};
/* End PBXSourcesBuildPhase section */

/* Begin XCBuildConfiguration section */
		3A9C20E02B9F955800835D16 /* Debug */ = {
			isa = XCBuildConfiguration;
			buildSettings = {
				ALWAYS_SEARCH_USER_PATHS = NO;
				ASSETCATALOG_COMPILER_GENERATE_SWIFT_ASSET_SYMBOL_EXTENSIONS = YES;
				CLANG_ANALYZER_NONNULL = YES;
				CLANG_ANALYZER_NUMBER_OBJECT_CONVERSION = YES_AGGRESSIVE;
				CLANG_CXX_LANGUAGE_STANDARD = "gnu++20";
				CLANG_ENABLE_MODULES = YES;
				CLANG_ENABLE_OBJC_ARC = YES;
				CLANG_ENABLE_OBJC_WEAK = YES;
				CLANG_WARN_BLOCK_CAPTURE_AUTORELEASING = YES;
				CLANG_WARN_BOOL_CONVERSION = YES;
				CLANG_WARN_COMMA = YES;
				CLANG_WARN_CONSTANT_CONVERSION = YES;
				CLANG_WARN_DEPRECATED_OBJC_IMPLEMENTATIONS = YES;
				CLANG_WARN_DIRECT_OBJC_ISA_USAGE = YES_ERROR;
				CLANG_WARN_DOCUMENTATION_COMMENTS = YES;
				CLANG_WARN_EMPTY_BODY = YES;
				CLANG_WARN_ENUM_CONVERSION = YES;
				CLANG_WARN_INFINITE_RECURSION = YES;
				CLANG_WARN_INT_CONVERSION = YES;
				CLANG_WARN_NON_LITERAL_NULL_CONVERSION = YES;
				CLANG_WARN_OBJC_IMPLICIT_RETAIN_SELF = YES;
				CLANG_WARN_OBJC_LITERAL_CONVERSION = YES;
				CLANG_WARN_OBJC_ROOT_CLASS = YES_ERROR;
				CLANG_WARN_QUOTED_INCLUDE_IN_FRAMEWORK_HEADER = YES;
				CLANG_WARN_RANGE_LOOP_ANALYSIS = YES;
				CLANG_WARN_STRICT_PROTOTYPES = YES;
				CLANG_WARN_SUSPICIOUS_MOVE = YES;
				CLANG_WARN_UNGUARDED_AVAILABILITY = YES_AGGRESSIVE;
				CLANG_WARN_UNREACHABLE_CODE = YES;
				CLANG_WARN__DUPLICATE_METHOD_MATCH = YES;
				COPY_PHASE_STRIP = NO;
				DEBUG_INFORMATION_FORMAT = dwarf;
				ENABLE_STRICT_OBJC_MSGSEND = YES;
				ENABLE_TESTABILITY = YES;
				ENABLE_USER_SCRIPT_SANDBOXING = YES;
				GCC_C_LANGUAGE_STANDARD = gnu17;
				GCC_DYNAMIC_NO_PIC = NO;
				GCC_NO_COMMON_BLOCKS = YES;
				GCC_OPTIMIZATION_LEVEL = 0;
				GCC_PREPROCESSOR_DEFINITIONS = (
					"DEBUG=1",
					"$(inherited)",
				);
				GCC_WARN_64_TO_32_BIT_CONVERSION = YES;
				GCC_WARN_ABOUT_RETURN_TYPE = YES_ERROR;
				GCC_WARN_UNDECLARED_SELECTOR = YES;
				GCC_WARN_UNINITIALIZED_AUTOS = YES_AGGRESSIVE;
				GCC_WARN_UNUSED_FUNCTION = YES;
				GCC_WARN_UNUSED_VARIABLE = YES;
				IPHONEOS_DEPLOYMENT_TARGET = 17.0;
				LOCALIZATION_PREFERS_STRING_CATALOGS = YES;
				MTL_ENABLE_DEBUG_INFO = INCLUDE_SOURCE;
				MTL_FAST_MATH = YES;
				ONLY_ACTIVE_ARCH = YES;
				SDKROOT = iphoneos;
				SWIFT_ACTIVE_COMPILATION_CONDITIONS = "DEBUG $(inherited)";
				SWIFT_OPTIMIZATION_LEVEL = "-Onone";
			};
			name = Debug;
		};
		3A9C20E12B9F955800835D16 /* Release */ = {
			isa = XCBuildConfiguration;
			buildSettings = {
				ALWAYS_SEARCH_USER_PATHS = NO;
				ASSETCATALOG_COMPILER_GENERATE_SWIFT_ASSET_SYMBOL_EXTENSIONS = YES;
				CLANG_ANALYZER_NONNULL = YES;
				CLANG_ANALYZER_NUMBER_OBJECT_CONVERSION = YES_AGGRESSIVE;
				CLANG_CXX_LANGUAGE_STANDARD = "gnu++20";
				CLANG_ENABLE_MODULES = YES;
				CLANG_ENABLE_OBJC_ARC = YES;
				CLANG_ENABLE_OBJC_WEAK = YES;
				CLANG_WARN_BLOCK_CAPTURE_AUTORELEASING = YES;
				CLANG_WARN_BOOL_CONVERSION = YES;
				CLANG_WARN_COMMA = YES;
				CLANG_WARN_CONSTANT_CONVERSION = YES;
				CLANG_WARN_DEPRECATED_OBJC_IMPLEMENTATIONS = YES;
				CLANG_WARN_DIRECT_OBJC_ISA_USAGE = YES_ERROR;
				CLANG_WARN_DOCUMENTATION_COMMENTS = YES;
				CLANG_WARN_EMPTY_BODY = YES;
				CLANG_WARN_ENUM_CONVERSION = YES;
				CLANG_WARN_INFINITE_RECURSION = YES;
				CLANG_WARN_INT_CONVERSION = YES;
				CLANG_WARN_NON_LITERAL_NULL_CONVERSION = YES;
				CLANG_WARN_OBJC_IMPLICIT_RETAIN_SELF = YES;
				CLANG_WARN_OBJC_LITERAL_CONVERSION = YES;
				CLANG_WARN_OBJC_ROOT_CLASS = YES_ERROR;
				CLANG_WARN_QUOTED_INCLUDE_IN_FRAMEWORK_HEADER = YES;
				CLANG_WARN_RANGE_LOOP_ANALYSIS = YES;
				CLANG_WARN_STRICT_PROTOTYPES = YES;
				CLANG_WARN_SUSPICIOUS_MOVE = YES;
				CLANG_WARN_UNGUARDED_AVAILABILITY = YES_AGGRESSIVE;
				CLANG_WARN_UNREACHABLE_CODE = YES;
				CLANG_WARN__DUPLICATE_METHOD_MATCH = YES;
				COPY_PHASE_STRIP = NO;
				DEBUG_INFORMATION_FORMAT = "dwarf-with-dsym";
				ENABLE_NS_ASSERTIONS = NO;
				ENABLE_STRICT_OBJC_MSGSEND = YES;
				ENABLE_USER_SCRIPT_SANDBOXING = YES;
				GCC_C_LANGUAGE_STANDARD = gnu17;
				GCC_NO_COMMON_BLOCKS = YES;
				GCC_WARN_64_TO_32_BIT_CONVERSION = YES;
				GCC_WARN_ABOUT_RETURN_TYPE = YES_ERROR;
				GCC_WARN_UNDECLARED_SELECTOR = YES;
				GCC_WARN_UNINITIALIZED_AUTOS = YES_AGGRESSIVE;
				GCC_WARN_UNUSED_FUNCTION = YES;
				GCC_WARN_UNUSED_VARIABLE = YES;
				IPHONEOS_DEPLOYMENT_TARGET = 17.0;
				LOCALIZATION_PREFERS_STRING_CATALOGS = YES;
				MTL_ENABLE_DEBUG_INFO = NO;
				MTL_FAST_MATH = YES;
				SDKROOT = iphoneos;
				SWIFT_COMPILATION_MODE = wholemodule;
				VALIDATE_PRODUCT = YES;
			};
			name = Release;
		};
		3A9C20E32B9F955800835D16 /* Debug */ = {
			isa = XCBuildConfiguration;
			buildSettings = {
				ASSETCATALOG_COMPILER_APPICON_NAME = AppIcon;
				ASSETCATALOG_COMPILER_GLOBAL_ACCENT_COLOR_NAME = AccentColor;
				CODE_SIGN_STYLE = Automatic;
				CURRENT_PROJECT_VERSION = 1;
				DEVELOPMENT_ASSET_PATHS = "\"Overwatch3/Preview Content\"";
				DEVELOPMENT_TEAM = 2X9S683H4Y;
				ENABLE_PREVIEWS = YES;
				GENERATE_INFOPLIST_FILE = YES;
				INFOPLIST_KEY_UIApplicationSceneManifest_Generation = YES;
				INFOPLIST_KEY_UIApplicationSupportsIndirectInputEvents = YES;
				INFOPLIST_KEY_UILaunchScreen_Generation = YES;
				INFOPLIST_KEY_UISupportedInterfaceOrientations_iPad = "UIInterfaceOrientationPortrait UIInterfaceOrientationPortraitUpsideDown UIInterfaceOrientationLandscapeLeft UIInterfaceOrientationLandscapeRight";
				INFOPLIST_KEY_UISupportedInterfaceOrientations_iPhone = "UIInterfaceOrientationPortrait UIInterfaceOrientationLandscapeLeft UIInterfaceOrientationLandscapeRight";
				LD_RUNPATH_SEARCH_PATHS = (
					"$(inherited)",
					"@executable_path/Frameworks",
				);
				MARKETING_VERSION = 1.0;
				PRODUCT_BUNDLE_IDENTIFIER = CW.Overwatch3;
				PRODUCT_NAME = "$(TARGET_NAME)";
				SWIFT_EMIT_LOC_STRINGS = YES;
				SWIFT_VERSION = 5.0;
				TARGETED_DEVICE_FAMILY = "1,2";
			};
			name = Debug;
		};
		3A9C20E42B9F955800835D16 /* Release */ = {
			isa = XCBuildConfiguration;
			buildSettings = {
				ASSETCATALOG_COMPILER_APPICON_NAME = AppIcon;
				ASSETCATALOG_COMPILER_GLOBAL_ACCENT_COLOR_NAME = AccentColor;
				CODE_SIGN_STYLE = Automatic;
				CURRENT_PROJECT_VERSION = 1;
				DEVELOPMENT_ASSET_PATHS = "\"Overwatch3/Preview Content\"";
				DEVELOPMENT_TEAM = 2X9S683H4Y;
				ENABLE_PREVIEWS = YES;
				GENERATE_INFOPLIST_FILE = YES;
				INFOPLIST_KEY_UIApplicationSceneManifest_Generation = YES;
				INFOPLIST_KEY_UIApplicationSupportsIndirectInputEvents = YES;
				INFOPLIST_KEY_UILaunchScreen_Generation = YES;
				INFOPLIST_KEY_UISupportedInterfaceOrientations_iPad = "UIInterfaceOrientationPortrait UIInterfaceOrientationPortraitUpsideDown UIInterfaceOrientationLandscapeLeft UIInterfaceOrientationLandscapeRight";
				INFOPLIST_KEY_UISupportedInterfaceOrientations_iPhone = "UIInterfaceOrientationPortrait UIInterfaceOrientationLandscapeLeft UIInterfaceOrientationLandscapeRight";
				LD_RUNPATH_SEARCH_PATHS = (
					"$(inherited)",
					"@executable_path/Frameworks",
				);
				MARKETING_VERSION = 1.0;
				PRODUCT_BUNDLE_IDENTIFIER = CW.Overwatch3;
				PRODUCT_NAME = "$(TARGET_NAME)";
				SWIFT_EMIT_LOC_STRINGS = YES;
				SWIFT_VERSION = 5.0;
				TARGETED_DEVICE_FAMILY = "1,2";
			};
			name = Release;
		};
/* End XCBuildConfiguration section */

/* Begin XCConfigurationList section */
		3A9C20CF2B9F955600835D16 /* Build configuration list for PBXProject "Overwatch3" */ = {
			isa = XCConfigurationList;
			buildConfigurations = (
				3A9C20E02B9F955800835D16 /* Debug */,
				3A9C20E12B9F955800835D16 /* Release */,
			);
			defaultConfigurationIsVisible = 0;
			defaultConfigurationName = Release;
		};
		3A9C20E22B9F955800835D16 /* Build configuration list for PBXNativeTarget "Overwatch3" */ = {
			isa = XCConfigurationList;
			buildConfigurations = (
				3A9C20E32B9F955800835D16 /* Debug */,
				3A9C20E42B9F955800835D16 /* Release */,
			);
			defaultConfigurationIsVisible = 0;
			defaultConfigurationName = Release;
		};
/* End XCConfigurationList section */

/* Begin XCRemoteSwiftPackageReference section */
		3A1E503B2C6E8607008C1263 /* XCRemoteSwiftPackageReference "Kingfisher" */ = {
			isa = XCRemoteSwiftPackageReference;
			repositoryURL = "https://github.com/onevcat/Kingfisher.git";
			requirement = {
				kind = upToNextMajorVersion;
				minimumVersion = 7.12.0;
			};
		};
/* End XCRemoteSwiftPackageReference section */

/* Begin XCSwiftPackageProductDependency section */
		3A1E503C2C6E8607008C1263 /* Kingfisher */ = {
			isa = XCSwiftPackageProductDependency;
			package = 3A1E503B2C6E8607008C1263 /* XCRemoteSwiftPackageReference "Kingfisher" */;
			productName = Kingfisher;
		};
/* End XCSwiftPackageProductDependency section */
	};
	rootObject = 3A9C20CC2B9F955600835D16 /* Project object */;
}
